
Microsoft Visual Studio Solution File, Format Version 12.00
# Visual Studio Version 16
VisualStudioVersion = 16.0.31005.135
MinimumVisualStudioVersion = 10.0.40219.1
Project("{FAE04EC0-301F-11D3-BF4B-00C04F79EFBC}") = "BlazorApp_firstProgram", "BlazorApp_firstProgram\BlazorApp_firstProgram.csproj", "{640B64CF-A3E2-456C-B1FC-CF3672897477}"
EndProject
Global
	GlobalSection(SolutionConfigurationPlatforms) = preSolution
		Debug|Any CPU = Debug|Any CPU
		Release|Any CPU = Release|Any CPU
	EndGlobalSection
	GlobalSection(ProjectConfigurationPlatforms) = postSolution
		{640B64CF-A3E2-456C-B1FC-CF3672897477}.Debug|Any CPU.ActiveCfg = Debug|Any CPU
		{640B64CF-A3E2-456C-B1FC-CF3672897477}.Debug|Any CPU.Build.0 = Debug|Any CPU
		{640B64CF-A3E2-456C-B1FC-CF3672897477}.Release|Any CPU.ActiveCfg = Release|Any CPU
		{640B64CF-A3E2-456C-B1FC-CF3672897477}.Release|Any CPU.Build.0 = Release|Any CPU
	EndGlobalSection
	GlobalSection(SolutionProperties) = preSolution
		HideSolutionNode = FALSE
	EndGlobalSection
	GlobalSection(ExtensibilityGlobals) = postSolution
		SolutionGuid = {328615D2-C18B-4387-A5C8-DE2B16948526}
	EndGlobalSection
EndGlobal
